
Microsoft Visual Studio Solution File, Format Version 12.00
# Visual Studio Version 16
VisualStudioVersion = 16.0.31624.102
MinimumVisualStudioVersion = 10.0.40219.1
Project("{9A19103F-16F7-4668-BE54-9A1E7A4F7556}") = "StealthGame", "StealthGame\StealthGame.csproj", "{FA242B8E-F5BF-49E3-B36C-454388942C2B}"
EndProject
Project("{FAE04EC0-301F-11D3-BF4B-00C04F79EFBC}") = "StealthGameTest", "StealthGameTest\StealthGameTest.csproj", "{8F9ED1BE-7BDE-4896-BB47-1EEBD50546C0}"
EndProject
Global
	GlobalSection(SolutionConfigurationPlatforms) = preSolution
		Debug|Any CPU = Debug|Any CPU
		Release|Any CPU = Release|Any CPU
	EndGlobalSection
	GlobalSection(ProjectConfigurationPlatforms) = postSolution
		{FA242B8E-F5BF-49E3-B36C-454388942C2B}.Debug|Any CPU.ActiveCfg = Debug|Any CPU
		{FA242B8E-F5BF-49E3-B36C-454388942C2B}.Debug|Any CPU.Build.0 = Debug|Any CPU
		{FA242B8E-F5BF-49E3-B36C-454388942C2B}.Release|Any CPU.ActiveCfg = Release|Any CPU
		{FA242B8E-F5BF-49E3-B36C-454388942C2B}.Release|Any CPU.Build.0 = Release|Any CPU
		{8F9ED1BE-7BDE-4896-BB47-1EEBD50546C0}.Debug|Any CPU.ActiveCfg = Debug|Any CPU
		{8F9ED1BE-7BDE-4896-BB47-1EEBD50546C0}.Debug|Any CPU.Build.0 = Debug|Any CPU
		{8F9ED1BE-7BDE-4896-BB47-1EEBD50546C0}.Release|Any CPU.ActiveCfg = Release|Any CPU
		{8F9ED1BE-7BDE-4896-BB47-1EEBD50546C0}.Release|Any CPU.Build.0 = Release|Any CPU
	EndGlobalSection
	GlobalSection(SolutionProperties) = preSolution
		HideSolutionNode = FALSE
	EndGlobalSection
	GlobalSection(ExtensibilityGlobals) = postSolution
		SolutionGuid = {68299A23-1F8F-4C08-B8D2-DC697371088E}
	EndGlobalSection
EndGlobal
